
Microsoft Visual Studio Solution File, Format Version 12.00
# Visual Studio 2012
Project("{FAE04EC0-301F-11D3-BF4B-00C04F79EFBC}") = "syncsoft", "syncsoft.csproj", "{A040F840-98A5-43C1-87B6-D89AE9DF0602}"
EndProject
Project("{FAE04EC0-301F-11D3-BF4B-00C04F79EFBC}") = "WidgetLibrary", "WidgetLibrary\WidgetLibrary.csproj", "{1AE9BC4B-DD0F-4FAD-A731-2119F3811459}"
EndProject
Project("{FAE04EC0-301F-11D3-BF4B-00C04F79EFBC}") = "RaspberryTests", "..\RaspberryTests\RaspberryTests.csproj", "{A661F557-23BE-4BCB-BC99-AC7E55909E90}"
EndProject
Global
	GlobalSection(SolutionConfigurationPlatforms) = preSolution
		Debug|Any CPU = Debug|Any CPU
		Debug|Mixed Platforms = Debug|Mixed Platforms
		Debug|x86 = Debug|x86
		Release|Any CPU = Release|Any CPU
		Release|Mixed Platforms = Release|Mixed Platforms
		Release|x86 = Release|x86
	EndGlobalSection
	GlobalSection(ProjectConfigurationPlatforms) = postSolution
		{A040F840-98A5-43C1-87B6-D89AE9DF0602}.Debug|Any CPU.ActiveCfg = Debug|x86
		{A040F840-98A5-43C1-87B6-D89AE9DF0602}.Debug|Mixed Platforms.ActiveCfg = Debug|x86
		{A040F840-98A5-43C1-87B6-D89AE9DF0602}.Debug|Mixed Platforms.Build.0 = Debug|x86
		{A040F840-98A5-43C1-87B6-D89AE9DF0602}.Debug|x86.ActiveCfg = Debug|x86
		{A040F840-98A5-43C1-87B6-D89AE9DF0602}.Debug|x86.Build.0 = Debug|x86
		{A040F840-98A5-43C1-87B6-D89AE9DF0602}.Release|Any CPU.ActiveCfg = Release|x86
		{A040F840-98A5-43C1-87B6-D89AE9DF0602}.Release|Mixed Platforms.ActiveCfg = Release|x86
		{A040F840-98A5-43C1-87B6-D89AE9DF0602}.Release|Mixed Platforms.Build.0 = Release|x86
		{A040F840-98A5-43C1-87B6-D89AE9DF0602}.Release|x86.ActiveCfg = Release|x86
		{A040F840-98A5-43C1-87B6-D89AE9DF0602}.Release|x86.Build.0 = Release|x86
		{1AE9BC4B-DD0F-4FAD-A731-2119F3811459}.Debug|Any CPU.ActiveCfg = Debug|Any CPU
		{1AE9BC4B-DD0F-4FAD-A731-2119F3811459}.Debug|Any CPU.Build.0 = Debug|Any CPU
		{1AE9BC4B-DD0F-4FAD-A731-2119F3811459}.Debug|Mixed Platforms.ActiveCfg = Debug|Any CPU
		{1AE9BC4B-DD0F-4FAD-A731-2119F3811459}.Debug|Mixed Platforms.Build.0 = Debug|Any CPU
		{1AE9BC4B-DD0F-4FAD-A731-2119F3811459}.Debug|x86.ActiveCfg = Debug|Any CPU
		{1AE9BC4B-DD0F-4FAD-A731-2119F3811459}.Debug|x86.Build.0 = Debug|Any CPU
		{1AE9BC4B-DD0F-4FAD-A731-2119F3811459}.Release|Any CPU.ActiveCfg = Release|Any CPU
		{1AE9BC4B-DD0F-4FAD-A731-2119F3811459}.Release|Any CPU.Build.0 = Release|Any CPU
		{1AE9BC4B-DD0F-4FAD-A731-2119F3811459}.Release|Mixed Platforms.ActiveCfg = Release|Any CPU
		{1AE9BC4B-DD0F-4FAD-A731-2119F3811459}.Release|Mixed Platforms.Build.0 = Release|Any CPU
		{1AE9BC4B-DD0F-4FAD-A731-2119F3811459}.Release|x86.ActiveCfg = Release|Any CPU
		{1AE9BC4B-DD0F-4FAD-A731-2119F3811459}.Release|x86.Build.0 = Release|Any CPU
		{A661F557-23BE-4BCB-BC99-AC7E55909E90}.Debug|Any CPU.ActiveCfg = Debug|Any CPU
		{A661F557-23BE-4BCB-BC99-AC7E55909E90}.Debug|Any CPU.Build.0 = Debug|Any CPU
		{A661F557-23BE-4BCB-BC99-AC7E55909E90}.Debug|Mixed Platforms.ActiveCfg = Debug|Any CPU
		{A661F557-23BE-4BCB-BC99-AC7E55909E90}.Debug|Mixed Platforms.Build.0 = Debug|Any CPU
		{A661F557-23BE-4BCB-BC99-AC7E55909E90}.Debug|x86.ActiveCfg = Debug|Any CPU
		{A661F557-23BE-4BCB-BC99-AC7E55909E90}.Release|Any CPU.ActiveCfg = Release|Any CPU
		{A661F557-23BE-4BCB-BC99-AC7E55909E90}.Release|Any CPU.Build.0 = Release|Any CPU
		{A661F557-23BE-4BCB-BC99-AC7E55909E90}.Release|Mixed Platforms.ActiveCfg = Release|Any CPU
		{A661F557-23BE-4BCB-BC99-AC7E55909E90}.Release|Mixed Platforms.Build.0 = Release|Any CPU
		{A661F557-23BE-4BCB-BC99-AC7E55909E90}.Release|x86.ActiveCfg = Release|Any CPU
	EndGlobalSection
	GlobalSection(SolutionProperties) = preSolution
		HideSolutionNode = FALSE
	EndGlobalSection
	GlobalSection(MonoDevelopProperties) = preSolution
		StartupItem = syncsoft.csproj
	EndGlobalSection
EndGlobal
