
Microsoft Visual Studio Solution File, Format Version 12.00
# Visual Studio 2012
Project("{FAE04EC0-301F-11D3-BF4B-00C04F79EFBC}") = "syncsoft", "syncsoft.csproj", "{A040F840-98A5-43C1-87B6-D89AE9DF0602}"
EndProject
Project("{FAE04EC0-301F-11D3-BF4B-00C04F79EFBC}") = "WidgetLibrary", "WidgetLibrary\WidgetLibrary.csproj", "{1AE9BC4B-DD0F-4FAD-A731-2119F3811459}"
EndProject
Global
	GlobalSection(SolutionConfigurationPlatforms) = preSolution
		Debug|x86 = Debug|x86
		Release|x86 = Release|x86
	EndGlobalSection
	GlobalSection(ProjectConfigurationPlatforms) = postSolution
		{A040F840-98A5-43C1-87B6-D89AE9DF0602}.Debug|x86.ActiveCfg = Debug|x86
		{A040F840-98A5-43C1-87B6-D89AE9DF0602}.Debug|x86.Build.0 = Debug|x86
		{A040F840-98A5-43C1-87B6-D89AE9DF0602}.Release|x86.ActiveCfg = Release|x86
		{A040F840-98A5-43C1-87B6-D89AE9DF0602}.Release|x86.Build.0 = Release|x86
		{1AE9BC4B-DD0F-4FAD-A731-2119F3811459}.Debug|x86.ActiveCfg = Debug|Any CPU
		{1AE9BC4B-DD0F-4FAD-A731-2119F3811459}.Debug|x86.Build.0 = Debug|Any CPU
		{1AE9BC4B-DD0F-4FAD-A731-2119F3811459}.Release|x86.ActiveCfg = Release|Any CPU
		{1AE9BC4B-DD0F-4FAD-A731-2119F3811459}.Release|x86.Build.0 = Release|Any CPU
	EndGlobalSection
	GlobalSection(SolutionProperties) = preSolution
		HideSolutionNode = FALSE
	EndGlobalSection
	GlobalSection(MonoDevelopProperties) = preSolution
		StartupItem = syncsoft.csproj
	EndGlobalSection
EndGlobal
